
Microsoft Visual Studio Solution File, Format Version 12.00
# Visual Studio 15
VisualStudioVersion = 15.0.27130.2036
MinimumVisualStudioVersion = 10.0.40219.1
Project("{2150E333-8FDC-42A3-9474-1A3956D46DE8}") = "1 Web App", "1 Web App", "{577D0078-1A74-4F7C-863A-D05F9CD730B6}"
EndProject
Project("{2150E333-8FDC-42A3-9474-1A3956D46DE8}") = "2 DAL", "2 DAL", "{0066FD2A-2067-4CCA-AB3F-9FC06DD6591C}"
EndProject
Project("{2150E333-8FDC-42A3-9474-1A3956D46DE8}") = "3 Utility", "3 Utility", "{69FD013C-CA59-4B74-B78E-DAC27A9772AF}"
EndProject
Project("{FAE04EC0-301F-11D3-BF4B-00C04F79EFBC}") = "TCG.Crypto", "TCG.Crypto\TCG.Crypto.csproj", "{F0E68717-C13B-4578-9642-B87A1C03DC1D}"
EndProject
Project("{FAE04EC0-301F-11D3-BF4B-00C04F79EFBC}") = "TCG.ImageManipulator", "TCG.ImageManipulator\TCG.ImageManipulator.csproj", "{27752F13-A6A3-4907-A749-75F37A1BAC00}"
EndProject
Project("{FAE04EC0-301F-11D3-BF4B-00C04F79EFBC}") = "TCG.WebUtility", "TCG.WebUtility\TCG.WebUtility.csproj", "{BA4C8C55-BFF0-4E17-A9DF-7ED34CC8245B}"
EndProject
Project("{FAE04EC0-301F-11D3-BF4B-00C04F79EFBC}") = "VillagePaint.DAL", "VillagePaint.DAL\VillagePaint.DAL.csproj", "{C5C67939-A4F8-43F9-9147-4809ACAE2AB1}"
EndProject
Project("{FAE04EC0-301F-11D3-BF4B-00C04F79EFBC}") = "VillagePaint", "VillagePaint\VillagePaint.csproj", "{3FDD1665-AFB2-4075-801E-0C4EDDF972CF}"
EndProject
Global
	GlobalSection(SolutionConfigurationPlatforms) = preSolution
		Debug|Any CPU = Debug|Any CPU
		Debug|x64 = Debug|x64
		Debug|x86 = Debug|x86
		Local|Any CPU = Local|Any CPU
		Local|x64 = Local|x64
		Local|x86 = Local|x86
		Release|Any CPU = Release|Any CPU
		Release|x64 = Release|x64
		Release|x86 = Release|x86
	EndGlobalSection
	GlobalSection(ProjectConfigurationPlatforms) = postSolution
		{F0E68717-C13B-4578-9642-B87A1C03DC1D}.Debug|Any CPU.ActiveCfg = Debug|Any CPU
		{F0E68717-C13B-4578-9642-B87A1C03DC1D}.Debug|Any CPU.Build.0 = Debug|Any CPU
		{F0E68717-C13B-4578-9642-B87A1C03DC1D}.Debug|x64.ActiveCfg = Debug|x64
		{F0E68717-C13B-4578-9642-B87A1C03DC1D}.Debug|x64.Build.0 = Debug|x64
		{F0E68717-C13B-4578-9642-B87A1C03DC1D}.Debug|x86.ActiveCfg = Debug|x86
		{F0E68717-C13B-4578-9642-B87A1C03DC1D}.Debug|x86.Build.0 = Debug|x86
		{F0E68717-C13B-4578-9642-B87A1C03DC1D}.Local|Any CPU.ActiveCfg = Local|Any CPU
		{F0E68717-C13B-4578-9642-B87A1C03DC1D}.Local|Any CPU.Build.0 = Local|Any CPU
		{F0E68717-C13B-4578-9642-B87A1C03DC1D}.Local|x64.ActiveCfg = Local|x64
		{F0E68717-C13B-4578-9642-B87A1C03DC1D}.Local|x64.Build.0 = Local|x64
		{F0E68717-C13B-4578-9642-B87A1C03DC1D}.Local|x86.ActiveCfg = Local|x86
		{F0E68717-C13B-4578-9642-B87A1C03DC1D}.Local|x86.Build.0 = Local|x86
		{F0E68717-C13B-4578-9642-B87A1C03DC1D}.Release|Any CPU.ActiveCfg = Release|Any CPU
		{F0E68717-C13B-4578-9642-B87A1C03DC1D}.Release|Any CPU.Build.0 = Release|Any CPU
		{F0E68717-C13B-4578-9642-B87A1C03DC1D}.Release|x64.ActiveCfg = Release|x64
		{F0E68717-C13B-4578-9642-B87A1C03DC1D}.Release|x64.Build.0 = Release|x64
		{F0E68717-C13B-4578-9642-B87A1C03DC1D}.Release|x86.ActiveCfg = Release|x86
		{F0E68717-C13B-4578-9642-B87A1C03DC1D}.Release|x86.Build.0 = Release|x86
		{27752F13-A6A3-4907-A749-75F37A1BAC00}.Debug|Any CPU.ActiveCfg = Debug|Any CPU
		{27752F13-A6A3-4907-A749-75F37A1BAC00}.Debug|Any CPU.Build.0 = Debug|Any CPU
		{27752F13-A6A3-4907-A749-75F37A1BAC00}.Debug|x64.ActiveCfg = Debug|Any CPU
		{27752F13-A6A3-4907-A749-75F37A1BAC00}.Debug|x64.Build.0 = Debug|Any CPU
		{27752F13-A6A3-4907-A749-75F37A1BAC00}.Debug|x86.ActiveCfg = Debug|Any CPU
		{27752F13-A6A3-4907-A749-75F37A1BAC00}.Debug|x86.Build.0 = Debug|Any CPU
		{27752F13-A6A3-4907-A749-75F37A1BAC00}.Local|Any CPU.ActiveCfg = Release|Any CPU
		{27752F13-A6A3-4907-A749-75F37A1BAC00}.Local|Any CPU.Build.0 = Release|Any CPU
		{27752F13-A6A3-4907-A749-75F37A1BAC00}.Local|x64.ActiveCfg = Release|Any CPU
		{27752F13-A6A3-4907-A749-75F37A1BAC00}.Local|x64.Build.0 = Release|Any CPU
		{27752F13-A6A3-4907-A749-75F37A1BAC00}.Local|x86.ActiveCfg = Release|Any CPU
		{27752F13-A6A3-4907-A749-75F37A1BAC00}.Local|x86.Build.0 = Release|Any CPU
		{27752F13-A6A3-4907-A749-75F37A1BAC00}.Release|Any CPU.ActiveCfg = Release|Any CPU
		{27752F13-A6A3-4907-A749-75F37A1BAC00}.Release|Any CPU.Build.0 = Release|Any CPU
		{27752F13-A6A3-4907-A749-75F37A1BAC00}.Release|x64.ActiveCfg = Release|Any CPU
		{27752F13-A6A3-4907-A749-75F37A1BAC00}.Release|x64.Build.0 = Release|Any CPU
		{27752F13-A6A3-4907-A749-75F37A1BAC00}.Release|x86.ActiveCfg = Release|Any CPU
		{27752F13-A6A3-4907-A749-75F37A1BAC00}.Release|x86.Build.0 = Release|Any CPU
		{BA4C8C55-BFF0-4E17-A9DF-7ED34CC8245B}.Debug|Any CPU.ActiveCfg = Debug|Any CPU
		{BA4C8C55-BFF0-4E17-A9DF-7ED34CC8245B}.Debug|Any CPU.Build.0 = Debug|Any CPU
		{BA4C8C55-BFF0-4E17-A9DF-7ED34CC8245B}.Debug|x64.ActiveCfg = Debug|Any CPU
		{BA4C8C55-BFF0-4E17-A9DF-7ED34CC8245B}.Debug|x64.Build.0 = Debug|Any CPU
		{BA4C8C55-BFF0-4E17-A9DF-7ED34CC8245B}.Debug|x86.ActiveCfg = Debug|Any CPU
		{BA4C8C55-BFF0-4E17-A9DF-7ED34CC8245B}.Debug|x86.Build.0 = Debug|Any CPU
		{BA4C8C55-BFF0-4E17-A9DF-7ED34CC8245B}.Local|Any CPU.ActiveCfg = Release|Any CPU
		{BA4C8C55-BFF0-4E17-A9DF-7ED34CC8245B}.Local|Any CPU.Build.0 = Release|Any CPU
		{BA4C8C55-BFF0-4E17-A9DF-7ED34CC8245B}.Local|x64.ActiveCfg = Release|Any CPU
		{BA4C8C55-BFF0-4E17-A9DF-7ED34CC8245B}.Local|x64.Build.0 = Release|Any CPU
		{BA4C8C55-BFF0-4E17-A9DF-7ED34CC8245B}.Local|x86.ActiveCfg = Release|Any CPU
		{BA4C8C55-BFF0-4E17-A9DF-7ED34CC8245B}.Local|x86.Build.0 = Release|Any CPU
		{BA4C8C55-BFF0-4E17-A9DF-7ED34CC8245B}.Release|Any CPU.ActiveCfg = Release|Any CPU
		{BA4C8C55-BFF0-4E17-A9DF-7ED34CC8245B}.Release|Any CPU.Build.0 = Release|Any CPU
		{BA4C8C55-BFF0-4E17-A9DF-7ED34CC8245B}.Release|x64.ActiveCfg = Release|Any CPU
		{BA4C8C55-BFF0-4E17-A9DF-7ED34CC8245B}.Release|x64.Build.0 = Release|Any CPU
		{BA4C8C55-BFF0-4E17-A9DF-7ED34CC8245B}.Release|x86.ActiveCfg = Release|Any CPU
		{BA4C8C55-BFF0-4E17-A9DF-7ED34CC8245B}.Release|x86.Build.0 = Release|Any CPU
		{C5C67939-A4F8-43F9-9147-4809ACAE2AB1}.Debug|Any CPU.ActiveCfg = Debug|Any CPU
		{C5C67939-A4F8-43F9-9147-4809ACAE2AB1}.Debug|Any CPU.Build.0 = Debug|Any CPU
		{C5C67939-A4F8-43F9-9147-4809ACAE2AB1}.Debug|x64.ActiveCfg = Debug|Any CPU
		{C5C67939-A4F8-43F9-9147-4809ACAE2AB1}.Debug|x64.Build.0 = Debug|Any CPU
		{C5C67939-A4F8-43F9-9147-4809ACAE2AB1}.Debug|x86.ActiveCfg = Debug|Any CPU
		{C5C67939-A4F8-43F9-9147-4809ACAE2AB1}.Debug|x86.Build.0 = Debug|Any CPU
		{C5C67939-A4F8-43F9-9147-4809ACAE2AB1}.Local|Any CPU.ActiveCfg = Release|Any CPU
		{C5C67939-A4F8-43F9-9147-4809ACAE2AB1}.Local|Any CPU.Build.0 = Release|Any CPU
		{C5C67939-A4F8-43F9-9147-4809ACAE2AB1}.Local|x64.ActiveCfg = Release|Any CPU
		{C5C67939-A4F8-43F9-9147-4809ACAE2AB1}.Local|x64.Build.0 = Release|Any CPU
		{C5C67939-A4F8-43F9-9147-4809ACAE2AB1}.Local|x86.ActiveCfg = Release|Any CPU
		{C5C67939-A4F8-43F9-9147-4809ACAE2AB1}.Local|x86.Build.0 = Release|Any CPU
		{C5C67939-A4F8-43F9-9147-4809ACAE2AB1}.Release|Any CPU.ActiveCfg = Release|Any CPU
		{C5C67939-A4F8-43F9-9147-4809ACAE2AB1}.Release|Any CPU.Build.0 = Release|Any CPU
		{C5C67939-A4F8-43F9-9147-4809ACAE2AB1}.Release|x64.ActiveCfg = Release|Any CPU
		{C5C67939-A4F8-43F9-9147-4809ACAE2AB1}.Release|x64.Build.0 = Release|Any CPU
		{C5C67939-A4F8-43F9-9147-4809ACAE2AB1}.Release|x86.ActiveCfg = Release|Any CPU
		{C5C67939-A4F8-43F9-9147-4809ACAE2AB1}.Release|x86.Build.0 = Release|Any CPU
		{3FDD1665-AFB2-4075-801E-0C4EDDF972CF}.Debug|Any CPU.ActiveCfg = Debug|Any CPU
		{3FDD1665-AFB2-4075-801E-0C4EDDF972CF}.Debug|Any CPU.Build.0 = Debug|Any CPU
		{3FDD1665-AFB2-4075-801E-0C4EDDF972CF}.Debug|x64.ActiveCfg = Debug|Any CPU
		{3FDD1665-AFB2-4075-801E-0C4EDDF972CF}.Debug|x64.Build.0 = Debug|Any CPU
		{3FDD1665-AFB2-4075-801E-0C4EDDF972CF}.Debug|x86.ActiveCfg = Debug|Any CPU
		{3FDD1665-AFB2-4075-801E-0C4EDDF972CF}.Debug|x86.Build.0 = Debug|Any CPU
		{3FDD1665-AFB2-4075-801E-0C4EDDF972CF}.Local|Any CPU.ActiveCfg = Release|Any CPU
		{3FDD1665-AFB2-4075-801E-0C4EDDF972CF}.Local|Any CPU.Build.0 = Release|Any CPU
		{3FDD1665-AFB2-4075-801E-0C4EDDF972CF}.Local|x64.ActiveCfg = Release|Any CPU
		{3FDD1665-AFB2-4075-801E-0C4EDDF972CF}.Local|x64.Build.0 = Release|Any CPU
		{3FDD1665-AFB2-4075-801E-0C4EDDF972CF}.Local|x86.ActiveCfg = Release|Any CPU
		{3FDD1665-AFB2-4075-801E-0C4EDDF972CF}.Local|x86.Build.0 = Release|Any CPU
		{3FDD1665-AFB2-4075-801E-0C4EDDF972CF}.Release|Any CPU.ActiveCfg = Release|Any CPU
		{3FDD1665-AFB2-4075-801E-0C4EDDF972CF}.Release|Any CPU.Build.0 = Release|Any CPU
		{3FDD1665-AFB2-4075-801E-0C4EDDF972CF}.Release|x64.ActiveCfg = Release|Any CPU
		{3FDD1665-AFB2-4075-801E-0C4EDDF972CF}.Release|x64.Build.0 = Release|Any CPU
		{3FDD1665-AFB2-4075-801E-0C4EDDF972CF}.Release|x86.ActiveCfg = Release|Any CPU
		{3FDD1665-AFB2-4075-801E-0C4EDDF972CF}.Release|x86.Build.0 = Release|Any CPU
	EndGlobalSection
	GlobalSection(SolutionProperties) = preSolution
		HideSolutionNode = FALSE
	EndGlobalSection
	GlobalSection(NestedProjects) = preSolution
		{F0E68717-C13B-4578-9642-B87A1C03DC1D} = {69FD013C-CA59-4B74-B78E-DAC27A9772AF}
		{27752F13-A6A3-4907-A749-75F37A1BAC00} = {69FD013C-CA59-4B74-B78E-DAC27A9772AF}
		{BA4C8C55-BFF0-4E17-A9DF-7ED34CC8245B} = {69FD013C-CA59-4B74-B78E-DAC27A9772AF}
		{C5C67939-A4F8-43F9-9147-4809ACAE2AB1} = {0066FD2A-2067-4CCA-AB3F-9FC06DD6591C}
		{3FDD1665-AFB2-4075-801E-0C4EDDF972CF} = {577D0078-1A74-4F7C-863A-D05F9CD730B6}
	EndGlobalSection
	GlobalSection(ExtensibilityGlobals) = postSolution
		SolutionGuid = {59E6A646-47DE-4AC8-8F4E-1B86F3110BC6}
	EndGlobalSection
EndGlobal
